
Microsoft Visual Studio Solution File, Format Version 12.00
# Visual Studio 15
VisualStudioVersion = 15.0.27703.2047
MinimumVisualStudioVersion = 10.0.40219.1
Project("{9A19103F-16F7-4668-BE54-9A1E7A4F7556}") = "HowFar", "HowFar\HowFar\HowFar.csproj", "{9FDB77DE-70A9-444E-8DEB-F3C55524FB05}"
EndProject
Project("{FAE04EC0-301F-11D3-BF4B-00C04F79EFBC}") = "HowFar.Android", "HowFar\HowFar.Android\HowFar.Android.csproj", "{1C7335AB-1E8F-45FE-ADC6-F1AF708900C5}"
EndProject
Project("{FAE04EC0-301F-11D3-BF4B-00C04F79EFBC}") = "HowFar.UWP", "HowFar\HowFar.UWP\HowFar.UWP.csproj", "{62051AD2-0664-4E24-8475-B95FBEFD3CB6}"
EndProject
Project("{FAE04EC0-301F-11D3-BF4B-00C04F79EFBC}") = "HowFar.Tests", "HowFar.Tests\HowFar.Tests.csproj", "{DE3078D6-11E3-4BF5-A42E-EAE1DB5B4FF1}"
EndProject
Project("{9A19103F-16F7-4668-BE54-9A1E7A4F7556}") = "HowFarApp", "HowFarApp\HowFarApp\HowFarApp.csproj", "{7B9B32DF-233B-44C9-B4FA-235A49B0BCF7}"
EndProject
Project("{2150E333-8FDC-42A3-9474-1A3956D46DE8}") = "Prism Depreciated", "Prism Depreciated", "{7F58D45B-E5A2-4603-BF6A-F0F5DECA711F}"
EndProject
Project("{FAE04EC0-301F-11D3-BF4B-00C04F79EFBC}") = "HowFarApp.UWP", "HowFarApp\HowFarApp.UWP\HowFarApp.UWP.csproj", "{5B8D9087-A638-4CD9-907C-E7DC55DFDBA4}"
EndProject
Project("{FAE04EC0-301F-11D3-BF4B-00C04F79EFBC}") = "HowFarApp.Android", "HowFarApp\HowFarApp.Android\HowFarApp.Android.csproj", "{4EC8B6FD-84D5-40BC-8808-208550D496BA}"
EndProject
Project("{FAE04EC0-301F-11D3-BF4B-00C04F79EFBC}") = "HowFar.Core", "HowFar.Core\HowFar.Core.csproj", "{3388B70A-141D-443F-9CEB-88F3A9C09A97}"
EndProject
Global
	GlobalSection(SolutionConfigurationPlatforms) = preSolution
		Debug|Any CPU = Debug|Any CPU
		Debug|ARM = Debug|ARM
		Debug|x64 = Debug|x64
		Debug|x86 = Debug|x86
		Release|Any CPU = Release|Any CPU
		Release|ARM = Release|ARM
		Release|x64 = Release|x64
		Release|x86 = Release|x86
	EndGlobalSection
	GlobalSection(ProjectConfigurationPlatforms) = postSolution
		{9FDB77DE-70A9-444E-8DEB-F3C55524FB05}.Debug|Any CPU.ActiveCfg = Debug|Any CPU
		{9FDB77DE-70A9-444E-8DEB-F3C55524FB05}.Debug|Any CPU.Build.0 = Debug|Any CPU
		{9FDB77DE-70A9-444E-8DEB-F3C55524FB05}.Debug|ARM.ActiveCfg = Debug|Any CPU
		{9FDB77DE-70A9-444E-8DEB-F3C55524FB05}.Debug|ARM.Build.0 = Debug|Any CPU
		{9FDB77DE-70A9-444E-8DEB-F3C55524FB05}.Debug|x64.ActiveCfg = Debug|Any CPU
		{9FDB77DE-70A9-444E-8DEB-F3C55524FB05}.Debug|x64.Build.0 = Debug|Any CPU
		{9FDB77DE-70A9-444E-8DEB-F3C55524FB05}.Debug|x86.ActiveCfg = Debug|Any CPU
		{9FDB77DE-70A9-444E-8DEB-F3C55524FB05}.Debug|x86.Build.0 = Debug|Any CPU
		{9FDB77DE-70A9-444E-8DEB-F3C55524FB05}.Release|Any CPU.ActiveCfg = Release|Any CPU
		{9FDB77DE-70A9-444E-8DEB-F3C55524FB05}.Release|Any CPU.Build.0 = Release|Any CPU
		{9FDB77DE-70A9-444E-8DEB-F3C55524FB05}.Release|ARM.ActiveCfg = Release|Any CPU
		{9FDB77DE-70A9-444E-8DEB-F3C55524FB05}.Release|ARM.Build.0 = Release|Any CPU
		{9FDB77DE-70A9-444E-8DEB-F3C55524FB05}.Release|x64.ActiveCfg = Release|Any CPU
		{9FDB77DE-70A9-444E-8DEB-F3C55524FB05}.Release|x64.Build.0 = Release|Any CPU
		{9FDB77DE-70A9-444E-8DEB-F3C55524FB05}.Release|x86.ActiveCfg = Release|Any CPU
		{9FDB77DE-70A9-444E-8DEB-F3C55524FB05}.Release|x86.Build.0 = Release|Any CPU
		{1C7335AB-1E8F-45FE-ADC6-F1AF708900C5}.Debug|Any CPU.ActiveCfg = Debug|Any CPU
		{1C7335AB-1E8F-45FE-ADC6-F1AF708900C5}.Debug|Any CPU.Build.0 = Debug|Any CPU
		{1C7335AB-1E8F-45FE-ADC6-F1AF708900C5}.Debug|Any CPU.Deploy.0 = Debug|Any CPU
		{1C7335AB-1E8F-45FE-ADC6-F1AF708900C5}.Debug|ARM.ActiveCfg = Debug|Any CPU
		{1C7335AB-1E8F-45FE-ADC6-F1AF708900C5}.Debug|ARM.Build.0 = Debug|Any CPU
		{1C7335AB-1E8F-45FE-ADC6-F1AF708900C5}.Debug|ARM.Deploy.0 = Debug|Any CPU
		{1C7335AB-1E8F-45FE-ADC6-F1AF708900C5}.Debug|x64.ActiveCfg = Debug|Any CPU
		{1C7335AB-1E8F-45FE-ADC6-F1AF708900C5}.Debug|x64.Build.0 = Debug|Any CPU
		{1C7335AB-1E8F-45FE-ADC6-F1AF708900C5}.Debug|x64.Deploy.0 = Debug|Any CPU
		{1C7335AB-1E8F-45FE-ADC6-F1AF708900C5}.Debug|x86.ActiveCfg = Debug|Any CPU
		{1C7335AB-1E8F-45FE-ADC6-F1AF708900C5}.Debug|x86.Build.0 = Debug|Any CPU
		{1C7335AB-1E8F-45FE-ADC6-F1AF708900C5}.Debug|x86.Deploy.0 = Debug|Any CPU
		{1C7335AB-1E8F-45FE-ADC6-F1AF708900C5}.Release|Any CPU.ActiveCfg = Release|Any CPU
		{1C7335AB-1E8F-45FE-ADC6-F1AF708900C5}.Release|Any CPU.Build.0 = Release|Any CPU
		{1C7335AB-1E8F-45FE-ADC6-F1AF708900C5}.Release|Any CPU.Deploy.0 = Release|Any CPU
		{1C7335AB-1E8F-45FE-ADC6-F1AF708900C5}.Release|ARM.ActiveCfg = Release|Any CPU
		{1C7335AB-1E8F-45FE-ADC6-F1AF708900C5}.Release|ARM.Build.0 = Release|Any CPU
		{1C7335AB-1E8F-45FE-ADC6-F1AF708900C5}.Release|ARM.Deploy.0 = Release|Any CPU
		{1C7335AB-1E8F-45FE-ADC6-F1AF708900C5}.Release|x64.ActiveCfg = Release|Any CPU
		{1C7335AB-1E8F-45FE-ADC6-F1AF708900C5}.Release|x64.Build.0 = Release|Any CPU
		{1C7335AB-1E8F-45FE-ADC6-F1AF708900C5}.Release|x64.Deploy.0 = Release|Any CPU
		{1C7335AB-1E8F-45FE-ADC6-F1AF708900C5}.Release|x86.ActiveCfg = Release|Any CPU
		{1C7335AB-1E8F-45FE-ADC6-F1AF708900C5}.Release|x86.Build.0 = Release|Any CPU
		{1C7335AB-1E8F-45FE-ADC6-F1AF708900C5}.Release|x86.Deploy.0 = Release|Any CPU
		{62051AD2-0664-4E24-8475-B95FBEFD3CB6}.Debug|Any CPU.ActiveCfg = Debug|x86
		{62051AD2-0664-4E24-8475-B95FBEFD3CB6}.Debug|ARM.ActiveCfg = Debug|ARM
		{62051AD2-0664-4E24-8475-B95FBEFD3CB6}.Debug|ARM.Build.0 = Debug|ARM
		{62051AD2-0664-4E24-8475-B95FBEFD3CB6}.Debug|ARM.Deploy.0 = Debug|ARM
		{62051AD2-0664-4E24-8475-B95FBEFD3CB6}.Debug|x64.ActiveCfg = Debug|x64
		{62051AD2-0664-4E24-8475-B95FBEFD3CB6}.Debug|x64.Build.0 = Debug|x64
		{62051AD2-0664-4E24-8475-B95FBEFD3CB6}.Debug|x64.Deploy.0 = Debug|x64
		{62051AD2-0664-4E24-8475-B95FBEFD3CB6}.Debug|x86.ActiveCfg = Debug|x86
		{62051AD2-0664-4E24-8475-B95FBEFD3CB6}.Debug|x86.Build.0 = Debug|x86
		{62051AD2-0664-4E24-8475-B95FBEFD3CB6}.Debug|x86.Deploy.0 = Debug|x86
		{62051AD2-0664-4E24-8475-B95FBEFD3CB6}.Release|Any CPU.ActiveCfg = Release|x86
		{62051AD2-0664-4E24-8475-B95FBEFD3CB6}.Release|ARM.ActiveCfg = Release|ARM
		{62051AD2-0664-4E24-8475-B95FBEFD3CB6}.Release|ARM.Build.0 = Release|ARM
		{62051AD2-0664-4E24-8475-B95FBEFD3CB6}.Release|ARM.Deploy.0 = Release|ARM
		{62051AD2-0664-4E24-8475-B95FBEFD3CB6}.Release|x64.ActiveCfg = Release|x64
		{62051AD2-0664-4E24-8475-B95FBEFD3CB6}.Release|x64.Build.0 = Release|x64
		{62051AD2-0664-4E24-8475-B95FBEFD3CB6}.Release|x64.Deploy.0 = Release|x64
		{62051AD2-0664-4E24-8475-B95FBEFD3CB6}.Release|x86.ActiveCfg = Release|x86
		{62051AD2-0664-4E24-8475-B95FBEFD3CB6}.Release|x86.Build.0 = Release|x86
		{62051AD2-0664-4E24-8475-B95FBEFD3CB6}.Release|x86.Deploy.0 = Release|x86
		{DE3078D6-11E3-4BF5-A42E-EAE1DB5B4FF1}.Debug|Any CPU.ActiveCfg = Debug|Any CPU
		{DE3078D6-11E3-4BF5-A42E-EAE1DB5B4FF1}.Debug|Any CPU.Build.0 = Debug|Any CPU
		{DE3078D6-11E3-4BF5-A42E-EAE1DB5B4FF1}.Debug|ARM.ActiveCfg = Debug|Any CPU
		{DE3078D6-11E3-4BF5-A42E-EAE1DB5B4FF1}.Debug|ARM.Build.0 = Debug|Any CPU
		{DE3078D6-11E3-4BF5-A42E-EAE1DB5B4FF1}.Debug|x64.ActiveCfg = Debug|Any CPU
		{DE3078D6-11E3-4BF5-A42E-EAE1DB5B4FF1}.Debug|x64.Build.0 = Debug|Any CPU
		{DE3078D6-11E3-4BF5-A42E-EAE1DB5B4FF1}.Debug|x86.ActiveCfg = Debug|Any CPU
		{DE3078D6-11E3-4BF5-A42E-EAE1DB5B4FF1}.Debug|x86.Build.0 = Debug|Any CPU
		{DE3078D6-11E3-4BF5-A42E-EAE1DB5B4FF1}.Release|Any CPU.ActiveCfg = Release|Any CPU
		{DE3078D6-11E3-4BF5-A42E-EAE1DB5B4FF1}.Release|Any CPU.Build.0 = Release|Any CPU
		{DE3078D6-11E3-4BF5-A42E-EAE1DB5B4FF1}.Release|ARM.ActiveCfg = Release|Any CPU
		{DE3078D6-11E3-4BF5-A42E-EAE1DB5B4FF1}.Release|ARM.Build.0 = Release|Any CPU
		{DE3078D6-11E3-4BF5-A42E-EAE1DB5B4FF1}.Release|x64.ActiveCfg = Release|Any CPU
		{DE3078D6-11E3-4BF5-A42E-EAE1DB5B4FF1}.Release|x64.Build.0 = Release|Any CPU
		{DE3078D6-11E3-4BF5-A42E-EAE1DB5B4FF1}.Release|x86.ActiveCfg = Release|Any CPU
		{DE3078D6-11E3-4BF5-A42E-EAE1DB5B4FF1}.Release|x86.Build.0 = Release|Any CPU
		{7B9B32DF-233B-44C9-B4FA-235A49B0BCF7}.Debug|Any CPU.ActiveCfg = Debug|Any CPU
		{7B9B32DF-233B-44C9-B4FA-235A49B0BCF7}.Debug|Any CPU.Build.0 = Debug|Any CPU
		{7B9B32DF-233B-44C9-B4FA-235A49B0BCF7}.Debug|ARM.ActiveCfg = Debug|Any CPU
		{7B9B32DF-233B-44C9-B4FA-235A49B0BCF7}.Debug|ARM.Build.0 = Debug|Any CPU
		{7B9B32DF-233B-44C9-B4FA-235A49B0BCF7}.Debug|x64.ActiveCfg = Debug|Any CPU
		{7B9B32DF-233B-44C9-B4FA-235A49B0BCF7}.Debug|x64.Build.0 = Debug|Any CPU
		{7B9B32DF-233B-44C9-B4FA-235A49B0BCF7}.Debug|x86.ActiveCfg = Debug|Any CPU
		{7B9B32DF-233B-44C9-B4FA-235A49B0BCF7}.Debug|x86.Build.0 = Debug|Any CPU
		{7B9B32DF-233B-44C9-B4FA-235A49B0BCF7}.Release|Any CPU.ActiveCfg = Release|Any CPU
		{7B9B32DF-233B-44C9-B4FA-235A49B0BCF7}.Release|Any CPU.Build.0 = Release|Any CPU
		{7B9B32DF-233B-44C9-B4FA-235A49B0BCF7}.Release|ARM.ActiveCfg = Release|Any CPU
		{7B9B32DF-233B-44C9-B4FA-235A49B0BCF7}.Release|ARM.Build.0 = Release|Any CPU
		{7B9B32DF-233B-44C9-B4FA-235A49B0BCF7}.Release|x64.ActiveCfg = Release|Any CPU
		{7B9B32DF-233B-44C9-B4FA-235A49B0BCF7}.Release|x64.Build.0 = Release|Any CPU
		{7B9B32DF-233B-44C9-B4FA-235A49B0BCF7}.Release|x86.ActiveCfg = Release|Any CPU
		{7B9B32DF-233B-44C9-B4FA-235A49B0BCF7}.Release|x86.Build.0 = Release|Any CPU
		{5B8D9087-A638-4CD9-907C-E7DC55DFDBA4}.Debug|Any CPU.ActiveCfg = Debug|x86
		{5B8D9087-A638-4CD9-907C-E7DC55DFDBA4}.Debug|ARM.ActiveCfg = Debug|ARM
		{5B8D9087-A638-4CD9-907C-E7DC55DFDBA4}.Debug|ARM.Build.0 = Debug|ARM
		{5B8D9087-A638-4CD9-907C-E7DC55DFDBA4}.Debug|ARM.Deploy.0 = Debug|ARM
		{5B8D9087-A638-4CD9-907C-E7DC55DFDBA4}.Debug|x64.ActiveCfg = Debug|x64
		{5B8D9087-A638-4CD9-907C-E7DC55DFDBA4}.Debug|x64.Build.0 = Debug|x64
		{5B8D9087-A638-4CD9-907C-E7DC55DFDBA4}.Debug|x64.Deploy.0 = Debug|x64
		{5B8D9087-A638-4CD9-907C-E7DC55DFDBA4}.Debug|x86.ActiveCfg = Debug|x86
		{5B8D9087-A638-4CD9-907C-E7DC55DFDBA4}.Debug|x86.Build.0 = Debug|x86
		{5B8D9087-A638-4CD9-907C-E7DC55DFDBA4}.Debug|x86.Deploy.0 = Debug|x86
		{5B8D9087-A638-4CD9-907C-E7DC55DFDBA4}.Release|Any CPU.ActiveCfg = Release|x86
		{5B8D9087-A638-4CD9-907C-E7DC55DFDBA4}.Release|ARM.ActiveCfg = Release|ARM
		{5B8D9087-A638-4CD9-907C-E7DC55DFDBA4}.Release|ARM.Build.0 = Release|ARM
		{5B8D9087-A638-4CD9-907C-E7DC55DFDBA4}.Release|ARM.Deploy.0 = Release|ARM
		{5B8D9087-A638-4CD9-907C-E7DC55DFDBA4}.Release|x64.ActiveCfg = Release|x64
		{5B8D9087-A638-4CD9-907C-E7DC55DFDBA4}.Release|x64.Build.0 = Release|x64
		{5B8D9087-A638-4CD9-907C-E7DC55DFDBA4}.Release|x64.Deploy.0 = Release|x64
		{5B8D9087-A638-4CD9-907C-E7DC55DFDBA4}.Release|x86.ActiveCfg = Release|x86
		{5B8D9087-A638-4CD9-907C-E7DC55DFDBA4}.Release|x86.Build.0 = Release|x86
		{5B8D9087-A638-4CD9-907C-E7DC55DFDBA4}.Release|x86.Deploy.0 = Release|x86
		{4EC8B6FD-84D5-40BC-8808-208550D496BA}.Debug|Any CPU.ActiveCfg = Debug|Any CPU
		{4EC8B6FD-84D5-40BC-8808-208550D496BA}.Debug|Any CPU.Build.0 = Debug|Any CPU
		{4EC8B6FD-84D5-40BC-8808-208550D496BA}.Debug|Any CPU.Deploy.0 = Debug|Any CPU
		{4EC8B6FD-84D5-40BC-8808-208550D496BA}.Debug|ARM.ActiveCfg = Debug|Any CPU
		{4EC8B6FD-84D5-40BC-8808-208550D496BA}.Debug|ARM.Build.0 = Debug|Any CPU
		{4EC8B6FD-84D5-40BC-8808-208550D496BA}.Debug|ARM.Deploy.0 = Debug|Any CPU
		{4EC8B6FD-84D5-40BC-8808-208550D496BA}.Debug|x64.ActiveCfg = Debug|Any CPU
		{4EC8B6FD-84D5-40BC-8808-208550D496BA}.Debug|x64.Build.0 = Debug|Any CPU
		{4EC8B6FD-84D5-40BC-8808-208550D496BA}.Debug|x64.Deploy.0 = Debug|Any CPU
		{4EC8B6FD-84D5-40BC-8808-208550D496BA}.Debug|x86.ActiveCfg = Debug|Any CPU
		{4EC8B6FD-84D5-40BC-8808-208550D496BA}.Debug|x86.Build.0 = Debug|Any CPU
		{4EC8B6FD-84D5-40BC-8808-208550D496BA}.Debug|x86.Deploy.0 = Debug|Any CPU
		{4EC8B6FD-84D5-40BC-8808-208550D496BA}.Release|Any CPU.ActiveCfg = Release|Any CPU
		{4EC8B6FD-84D5-40BC-8808-208550D496BA}.Release|Any CPU.Build.0 = Release|Any CPU
		{4EC8B6FD-84D5-40BC-8808-208550D496BA}.Release|Any CPU.Deploy.0 = Release|Any CPU
		{4EC8B6FD-84D5-40BC-8808-208550D496BA}.Release|ARM.ActiveCfg = Release|Any CPU
		{4EC8B6FD-84D5-40BC-8808-208550D496BA}.Release|ARM.Build.0 = Release|Any CPU
		{4EC8B6FD-84D5-40BC-8808-208550D496BA}.Release|ARM.Deploy.0 = Release|Any CPU
		{4EC8B6FD-84D5-40BC-8808-208550D496BA}.Release|x64.ActiveCfg = Release|Any CPU
		{4EC8B6FD-84D5-40BC-8808-208550D496BA}.Release|x64.Build.0 = Release|Any CPU
		{4EC8B6FD-84D5-40BC-8808-208550D496BA}.Release|x64.Deploy.0 = Release|Any CPU
		{4EC8B6FD-84D5-40BC-8808-208550D496BA}.Release|x86.ActiveCfg = Release|Any CPU
		{4EC8B6FD-84D5-40BC-8808-208550D496BA}.Release|x86.Build.0 = Release|Any CPU
		{4EC8B6FD-84D5-40BC-8808-208550D496BA}.Release|x86.Deploy.0 = Release|Any CPU
		{3388B70A-141D-443F-9CEB-88F3A9C09A97}.Debug|Any CPU.ActiveCfg = Debug|Any CPU
		{3388B70A-141D-443F-9CEB-88F3A9C09A97}.Debug|Any CPU.Build.0 = Debug|Any CPU
		{3388B70A-141D-443F-9CEB-88F3A9C09A97}.Debug|ARM.ActiveCfg = Debug|Any CPU
		{3388B70A-141D-443F-9CEB-88F3A9C09A97}.Debug|ARM.Build.0 = Debug|Any CPU
		{3388B70A-141D-443F-9CEB-88F3A9C09A97}.Debug|x64.ActiveCfg = Debug|Any CPU
		{3388B70A-141D-443F-9CEB-88F3A9C09A97}.Debug|x64.Build.0 = Debug|Any CPU
		{3388B70A-141D-443F-9CEB-88F3A9C09A97}.Debug|x86.ActiveCfg = Debug|Any CPU
		{3388B70A-141D-443F-9CEB-88F3A9C09A97}.Debug|x86.Build.0 = Debug|Any CPU
		{3388B70A-141D-443F-9CEB-88F3A9C09A97}.Release|Any CPU.ActiveCfg = Release|Any CPU
		{3388B70A-141D-443F-9CEB-88F3A9C09A97}.Release|Any CPU.Build.0 = Release|Any CPU
		{3388B70A-141D-443F-9CEB-88F3A9C09A97}.Release|ARM.ActiveCfg = Release|Any CPU
		{3388B70A-141D-443F-9CEB-88F3A9C09A97}.Release|ARM.Build.0 = Release|Any CPU
		{3388B70A-141D-443F-9CEB-88F3A9C09A97}.Release|x64.ActiveCfg = Release|Any CPU
		{3388B70A-141D-443F-9CEB-88F3A9C09A97}.Release|x64.Build.0 = Release|Any CPU
		{3388B70A-141D-443F-9CEB-88F3A9C09A97}.Release|x86.ActiveCfg = Release|Any CPU
		{3388B70A-141D-443F-9CEB-88F3A9C09A97}.Release|x86.Build.0 = Release|Any CPU
	EndGlobalSection
	GlobalSection(SolutionProperties) = preSolution
		HideSolutionNode = FALSE
	EndGlobalSection
	GlobalSection(NestedProjects) = preSolution
		{9FDB77DE-70A9-444E-8DEB-F3C55524FB05} = {7F58D45B-E5A2-4603-BF6A-F0F5DECA711F}
		{1C7335AB-1E8F-45FE-ADC6-F1AF708900C5} = {7F58D45B-E5A2-4603-BF6A-F0F5DECA711F}
		{62051AD2-0664-4E24-8475-B95FBEFD3CB6} = {7F58D45B-E5A2-4603-BF6A-F0F5DECA711F}
	EndGlobalSection
	GlobalSection(ExtensibilityGlobals) = postSolution
		SolutionGuid = {92000548-347D-43FC-B44D-2E4467DB15A0}
	EndGlobalSection
EndGlobal
